
Microsoft Visual Studio Solution File, Format Version 12.00
# Visual Studio Version 16
VisualStudioVersion = 16.0.31321.278
MinimumVisualStudioVersion = 10.0.40219.1
Project("{FAE04EC0-301F-11D3-BF4B-00C04F79EFBC}") = "MVCTarea", "MVCTarea\MVCTarea.csproj", "{65668143-87ED-428A-B720-32B74A1C16F7}"
EndProject
Global
	GlobalSection(SolutionConfigurationPlatforms) = preSolution
		Debug|Any CPU = Debug|Any CPU
		Release|Any CPU = Release|Any CPU
	EndGlobalSection
	GlobalSection(ProjectConfigurationPlatforms) = postSolution
		{65668143-87ED-428A-B720-32B74A1C16F7}.Debug|Any CPU.ActiveCfg = Debug|Any CPU
		{65668143-87ED-428A-B720-32B74A1C16F7}.Debug|Any CPU.Build.0 = Debug|Any CPU
		{65668143-87ED-428A-B720-32B74A1C16F7}.Release|Any CPU.ActiveCfg = Release|Any CPU
		{65668143-87ED-428A-B720-32B74A1C16F7}.Release|Any CPU.Build.0 = Release|Any CPU
	EndGlobalSection
	GlobalSection(SolutionProperties) = preSolution
		HideSolutionNode = FALSE
	EndGlobalSection
	GlobalSection(ExtensibilityGlobals) = postSolution
		SolutionGuid = {82B1B218-6442-4D63-A213-AB63FC1C1195}
	EndGlobalSection
EndGlobal
